
Microsoft Visual Studio Solution File, Format Version 12.00
# Visual Studio 15
VisualStudioVersion = 15.0.26730.16
MinimumVisualStudioVersion = 10.0.40219.1
Project("{FAE04EC0-301F-11D3-BF4B-00C04F79EFBC}") = "HaiRui.Net", "HaiRui.Net\HaiRui.Net.csproj", "{99039882-A198-47A4-9F17-3EA3B8A4AF72}"
EndProject
Project("{FAE04EC0-301F-11D3-BF4B-00C04F79EFBC}") = "HaiRui.File", "HaiRui.File\HaiRui.File.csproj", "{0BB98E6E-7378-4472-B42E-2B62634F0B1F}"
EndProject
Project("{FAE04EC0-301F-11D3-BF4B-00C04F79EFBC}") = "HaiRui.Web.Mvc", "HaiRui.Web.Mvc\HaiRui.Web.Mvc.csproj", "{7ECF098A-9970-4650-9002-AD5A14C30DB6}"
EndProject
Project("{FAE04EC0-301F-11D3-BF4B-00C04F79EFBC}") = "HaiRui.Web", "HaiRui.Web\HaiRui.Web.csproj", "{9BE8A39F-E288-4F08-9057-C99791B62ECD}"
EndProject
Project("{FAE04EC0-301F-11D3-BF4B-00C04F79EFBC}") = "HaiRui.Aspose", "HaiRui.Aspose\HaiRui.Aspose.csproj", "{FD060A94-5679-4183-B93D-6CAC81C68447}"
EndProject
Global
	GlobalSection(SolutionConfigurationPlatforms) = preSolution
		Debug|Any CPU = Debug|Any CPU
		Release|Any CPU = Release|Any CPU
	EndGlobalSection
	GlobalSection(ProjectConfigurationPlatforms) = postSolution
		{99039882-A198-47A4-9F17-3EA3B8A4AF72}.Debug|Any CPU.ActiveCfg = Debug|Any CPU
		{99039882-A198-47A4-9F17-3EA3B8A4AF72}.Debug|Any CPU.Build.0 = Debug|Any CPU
		{99039882-A198-47A4-9F17-3EA3B8A4AF72}.Release|Any CPU.ActiveCfg = Release|Any CPU
		{99039882-A198-47A4-9F17-3EA3B8A4AF72}.Release|Any CPU.Build.0 = Release|Any CPU
		{0BB98E6E-7378-4472-B42E-2B62634F0B1F}.Debug|Any CPU.ActiveCfg = Debug|Any CPU
		{0BB98E6E-7378-4472-B42E-2B62634F0B1F}.Debug|Any CPU.Build.0 = Debug|Any CPU
		{0BB98E6E-7378-4472-B42E-2B62634F0B1F}.Release|Any CPU.ActiveCfg = Release|Any CPU
		{0BB98E6E-7378-4472-B42E-2B62634F0B1F}.Release|Any CPU.Build.0 = Release|Any CPU
		{7ECF098A-9970-4650-9002-AD5A14C30DB6}.Debug|Any CPU.ActiveCfg = Debug|Any CPU
		{7ECF098A-9970-4650-9002-AD5A14C30DB6}.Debug|Any CPU.Build.0 = Debug|Any CPU
		{7ECF098A-9970-4650-9002-AD5A14C30DB6}.Release|Any CPU.ActiveCfg = Release|Any CPU
		{7ECF098A-9970-4650-9002-AD5A14C30DB6}.Release|Any CPU.Build.0 = Release|Any CPU
		{9BE8A39F-E288-4F08-9057-C99791B62ECD}.Debug|Any CPU.ActiveCfg = Debug|Any CPU
		{9BE8A39F-E288-4F08-9057-C99791B62ECD}.Debug|Any CPU.Build.0 = Debug|Any CPU
		{9BE8A39F-E288-4F08-9057-C99791B62ECD}.Release|Any CPU.ActiveCfg = Release|Any CPU
		{9BE8A39F-E288-4F08-9057-C99791B62ECD}.Release|Any CPU.Build.0 = Release|Any CPU
		{FD060A94-5679-4183-B93D-6CAC81C68447}.Debug|Any CPU.ActiveCfg = Debug|Any CPU
		{FD060A94-5679-4183-B93D-6CAC81C68447}.Debug|Any CPU.Build.0 = Debug|Any CPU
		{FD060A94-5679-4183-B93D-6CAC81C68447}.Release|Any CPU.ActiveCfg = Release|Any CPU
		{FD060A94-5679-4183-B93D-6CAC81C68447}.Release|Any CPU.Build.0 = Release|Any CPU
	EndGlobalSection
	GlobalSection(SolutionProperties) = preSolution
		HideSolutionNode = FALSE
	EndGlobalSection
	GlobalSection(ExtensibilityGlobals) = postSolution
		SolutionGuid = {7244EB82-E2A4-4713-8677-E59FB4654FAE}
	EndGlobalSection
EndGlobal
